
Microsoft Visual Studio Solution File, Format Version 12.00
# Visual Studio Version 17
VisualStudioVersion = 17.7.34018.315
MinimumVisualStudioVersion = 10.0.40219.1
Project("{FAE04EC0-301F-11D3-BF4B-00C04F79EFBC}") = "WpfApp1", "WpfApp1.csproj", "{F8CC2900-024B-4102-B702-6C5DE6F1913F}"
EndProject
Global
	GlobalSection(SolutionConfigurationPlatforms) = preSolution
		Debug|Any CPU = Debug|Any CPU
		Release|Any CPU = Release|Any CPU
	EndGlobalSection
	GlobalSection(ProjectConfigurationPlatforms) = postSolution
		{F8CC2900-024B-4102-B702-6C5DE6F1913F}.Debug|Any CPU.ActiveCfg = Debug|Any CPU
		{F8CC2900-024B-4102-B702-6C5DE6F1913F}.Debug|Any CPU.Build.0 = Debug|Any CPU
		{F8CC2900-024B-4102-B702-6C5DE6F1913F}.Release|Any CPU.ActiveCfg = Release|Any CPU
		{F8CC2900-024B-4102-B702-6C5DE6F1913F}.Release|Any CPU.Build.0 = Release|Any CPU
	EndGlobalSection
	GlobalSection(SolutionProperties) = preSolution
		HideSolutionNode = FALSE
	EndGlobalSection
	GlobalSection(ExtensibilityGlobals) = postSolution
		SolutionGuid = {A57E3467-9D56-4821-B0CC-2A4113B8ED8D}
	EndGlobalSection
EndGlobal
